
Microsoft Visual Studio Solution File, Format Version 9.00
# Visual C# Express 2005
Project("{FAE04EC0-301F-11D3-BF4B-00C04F79EFBC}") = "GoogleChartSharp", "GoogleChartSharp\GoogleChartSharp.csproj", "{7BAB046F-5A77-4DD6-B115-8A575634CA91}"
EndProject
Project("{FAE04EC0-301F-11D3-BF4B-00C04F79EFBC}") = "Tests", "Tests\Tests.csproj", "{272A07A4-70A0-484D-9422-A7BF2C1C8854}"
EndProject
Global
	GlobalSection(SolutionConfigurationPlatforms) = preSolution
		Debug|Any CPU = Debug|Any CPU
		Release|Any CPU = Release|Any CPU
	EndGlobalSection
	GlobalSection(ProjectConfigurationPlatforms) = postSolution
		{7BAB046F-5A77-4DD6-B115-8A575634CA91}.Debug|Any CPU.ActiveCfg = Debug|Any CPU
		{7BAB046F-5A77-4DD6-B115-8A575634CA91}.Debug|Any CPU.Build.0 = Debug|Any CPU
		{7BAB046F-5A77-4DD6-B115-8A575634CA91}.Release|Any CPU.ActiveCfg = Release|Any CPU
		{7BAB046F-5A77-4DD6-B115-8A575634CA91}.Release|Any CPU.Build.0 = Release|Any CPU
		{272A07A4-70A0-484D-9422-A7BF2C1C8854}.Debug|Any CPU.ActiveCfg = Debug|Any CPU
		{272A07A4-70A0-484D-9422-A7BF2C1C8854}.Debug|Any CPU.Build.0 = Debug|Any CPU
		{272A07A4-70A0-484D-9422-A7BF2C1C8854}.Release|Any CPU.ActiveCfg = Release|Any CPU
		{272A07A4-70A0-484D-9422-A7BF2C1C8854}.Release|Any CPU.Build.0 = Release|Any CPU
	EndGlobalSection
	GlobalSection(SolutionProperties) = preSolution
		HideSolutionNode = FALSE
	EndGlobalSection
EndGlobal
